
Microsoft Visual Studio Solution File, Format Version 12.00
# Visual Studio 15
VisualStudioVersion = 15.0.28307.1267
MinimumVisualStudioVersion = 10.0.40219.1
Project("{FAE04EC0-301F-11D3-BF4B-00C04F79EFBC}") = "CoffeeManagement", "CoffeeManagement\CoffeeManagement.csproj", "{E1060AD2-6D5D-4EC3-9368-8676E5250971}"
EndProject
Global
	GlobalSection(SolutionConfigurationPlatforms) = preSolution
		Debug|Any CPU = Debug|Any CPU
		Release|Any CPU = Release|Any CPU
	EndGlobalSection
	GlobalSection(ProjectConfigurationPlatforms) = postSolution
		{E1060AD2-6D5D-4EC3-9368-8676E5250971}.Debug|Any CPU.ActiveCfg = Debug|Any CPU
		{E1060AD2-6D5D-4EC3-9368-8676E5250971}.Debug|Any CPU.Build.0 = Debug|Any CPU
		{E1060AD2-6D5D-4EC3-9368-8676E5250971}.Release|Any CPU.ActiveCfg = Release|Any CPU
		{E1060AD2-6D5D-4EC3-9368-8676E5250971}.Release|Any CPU.Build.0 = Release|Any CPU
	EndGlobalSection
	GlobalSection(SolutionProperties) = preSolution
		HideSolutionNode = FALSE
	EndGlobalSection
	GlobalSection(ExtensibilityGlobals) = postSolution
		SolutionGuid = {1D1E19CA-5168-4C3C-996B-F3CDE44BC0D7}
	EndGlobalSection
EndGlobal
